
Microsoft Visual Studio Solution File, Format Version 12.00
# Visual Studio Version 17
VisualStudioVersion = 17.2.32526.322
MinimumVisualStudioVersion = 10.0.40219.1
Project("{FAE04EC0-301F-11D3-BF4B-00C04F79EFBC}") = "SalesWebMVC", "SalesWebMVC\SalesWebMVC.csproj", "{5D0D8D53-9B07-4EFF-B7E6-ED55CBB4E07B}"
EndProject
Global
	GlobalSection(SolutionConfigurationPlatforms) = preSolution
		Debug|Any CPU = Debug|Any CPU
		Release|Any CPU = Release|Any CPU
	EndGlobalSection
	GlobalSection(ProjectConfigurationPlatforms) = postSolution
		{5D0D8D53-9B07-4EFF-B7E6-ED55CBB4E07B}.Debug|Any CPU.ActiveCfg = Debug|Any CPU
		{5D0D8D53-9B07-4EFF-B7E6-ED55CBB4E07B}.Debug|Any CPU.Build.0 = Debug|Any CPU
		{5D0D8D53-9B07-4EFF-B7E6-ED55CBB4E07B}.Release|Any CPU.ActiveCfg = Release|Any CPU
		{5D0D8D53-9B07-4EFF-B7E6-ED55CBB4E07B}.Release|Any CPU.Build.0 = Release|Any CPU
	EndGlobalSection
	GlobalSection(SolutionProperties) = preSolution
		HideSolutionNode = FALSE
	EndGlobalSection
	GlobalSection(ExtensibilityGlobals) = postSolution
		SolutionGuid = {3DDF3B1F-DABE-4C21-8422-B4D86B81DC2A}
	EndGlobalSection
EndGlobal
